
Microsoft Visual Studio Solution File, Format Version 12.00
# Visual Studio Version 17
VisualStudioVersion = 17.7.34031.279
MinimumVisualStudioVersion = 10.0.40219.1
Project("{FAE04EC0-301F-11D3-BF4B-00C04F79EFBC}") = "RecuperacionJunio", "RecuperacionJunio.csproj", "{7D5DBECB-9C82-4827-9250-CC0A0AF91710}"
EndProject
Global
	GlobalSection(SolutionConfigurationPlatforms) = preSolution
		Debug|Any CPU = Debug|Any CPU
		Release|Any CPU = Release|Any CPU
	EndGlobalSection
	GlobalSection(ProjectConfigurationPlatforms) = postSolution
		{7D5DBECB-9C82-4827-9250-CC0A0AF91710}.Debug|Any CPU.ActiveCfg = Debug|Any CPU
		{7D5DBECB-9C82-4827-9250-CC0A0AF91710}.Debug|Any CPU.Build.0 = Debug|Any CPU
		{7D5DBECB-9C82-4827-9250-CC0A0AF91710}.Release|Any CPU.ActiveCfg = Release|Any CPU
		{7D5DBECB-9C82-4827-9250-CC0A0AF91710}.Release|Any CPU.Build.0 = Release|Any CPU
	EndGlobalSection
	GlobalSection(SolutionProperties) = preSolution
		HideSolutionNode = FALSE
	EndGlobalSection
	GlobalSection(ExtensibilityGlobals) = postSolution
		SolutionGuid = {5F9C2ED4-878A-45EB-80B9-C9C410204AE3}
	EndGlobalSection
EndGlobal
